PODS:
  - Masonry (1.1.0)
  - YYImageLabel (0.0.1)

DEPENDENCIES:
  - Masonry
  - YYImageLabel (from `../`)

SPEC REPOS:
  trunk:
    - Masonry

EXTERNAL SOURCES:
  YYImageLabel:
    :path: "../"

SPEC CHECKSUMS:
  Masonry: 678fab65091a9290e40e2832a55e7ab731aad201
  YYImageLabel: 02f7d79b28c80928a697e22e3fd36a3b455e3379

PODFILE CHECKSUM: 0b189dbe3393eaae5c6375464103c707c289351c

COCOAPODS: 1.16.2
