PODS:
  - Masonry (1.1.0)
  - YYImageLabel (0.0.4)

DEPENDENCIES:
  - Masonry
  - YYImageLabel (from `../`)

SPEC REPOS:
  trunk:
    - Masonry

EXTERNAL SOURCES:
  YYImageLabel:
    :path: "../"

SPEC CHECKSUMS:
  Masonry: 678fab65091a9290e40e2832a55e7ab731aad201
  YYImageLabel: 520fbff68b54420bb517a5530a345974a5701070

PODFILE CHECKSUM: 9f1a4c8d411afd416a6ad2b35620d7c75e96ce57

COCOAPODS: 1.16.2
